
Microsoft Visual Studio Solution File, Format Version 12.00
# Visual Studio Version 17
VisualStudioVersion = 17.2.32519.379
MinimumVisualStudioVersion = 10.0.40219.1
Project("{2150E333-8FDC-42A3-9474-1A3956D46DE8}") = "Presentation", "Presentation", "{836F3952-CEDC-4A2E-81CF-FEE62A906F34}"
EndProject
Project("{FAE04EC0-301F-11D3-BF4B-00C04F79EFBC}") = "ImageListDemo", "Presentation\WinFormApp\ImageListDemo.csproj", "{C24DDA88-0C3A-4C79-BC29-53D53BA90E89}"
EndProject
Global
	GlobalSection(SolutionConfigurationPlatforms) = preSolution
		Debug|Any CPU = Debug|Any CPU
		Release|Any CPU = Release|Any CPU
	EndGlobalSection
	GlobalSection(ProjectConfigurationPlatforms) = postSolution
		{C24DDA88-0C3A-4C79-BC29-53D53BA90E89}.Debug|Any CPU.ActiveCfg = Debug|Any CPU
		{C24DDA88-0C3A-4C79-BC29-53D53BA90E89}.Debug|Any CPU.Build.0 = Debug|Any CPU
		{C24DDA88-0C3A-4C79-BC29-53D53BA90E89}.Release|Any CPU.ActiveCfg = Release|Any CPU
		{C24DDA88-0C3A-4C79-BC29-53D53BA90E89}.Release|Any CPU.Build.0 = Release|Any CPU
	EndGlobalSection
	GlobalSection(SolutionProperties) = preSolution
		HideSolutionNode = FALSE
	EndGlobalSection
	GlobalSection(NestedProjects) = preSolution
		{C24DDA88-0C3A-4C79-BC29-53D53BA90E89} = {836F3952-CEDC-4A2E-81CF-FEE62A906F34}
	EndGlobalSection
	GlobalSection(ExtensibilityGlobals) = postSolution
		SolutionGuid = {98F47646-E065-434D-B280-FC9C1FA991FC}
	EndGlobalSection
EndGlobal
